
Microsoft Visual Studio Solution File, Format Version 12.00
# Visual Studio Version 16
VisualStudioVersion = 16.0.31605.320
MinimumVisualStudioVersion = 10.0.40219.1
Project("{FAE04EC0-301F-11D3-BF4B-00C04F79EFBC}") = "ConsoleApp1", "ConsoleApp1\ConsoleApp1.csproj", "{9ED1ECEE-B57D-4C06-831D-35481DC6389A}"
EndProject
Global
	GlobalSection(SolutionConfigurationPlatforms) = preSolution
		Debug|Any CPU = Debug|Any CPU
		Release|Any CPU = Release|Any CPU
	EndGlobalSection
	GlobalSection(ProjectConfigurationPlatforms) = postSolution
		{9ED1ECEE-B57D-4C06-831D-35481DC6389A}.Debug|Any CPU.ActiveCfg = Debug|Any CPU
		{9ED1ECEE-B57D-4C06-831D-35481DC6389A}.Debug|Any CPU.Build.0 = Debug|Any CPU
		{9ED1ECEE-B57D-4C06-831D-35481DC6389A}.Release|Any CPU.ActiveCfg = Release|Any CPU
		{9ED1ECEE-B57D-4C06-831D-35481DC6389A}.Release|Any CPU.Build.0 = Release|Any CPU
	EndGlobalSection
	GlobalSection(SolutionProperties) = preSolution
		HideSolutionNode = FALSE
	EndGlobalSection
	GlobalSection(ExtensibilityGlobals) = postSolution
		SolutionGuid = {36735D0E-F830-4C7C-8889-5417365D0AB1}
	EndGlobalSection
EndGlobal
